
Microsoft Visual Studio Solution File, Format Version 12.00
# Visual Studio Version 17
VisualStudioVersion = 17.3.32929.385
MinimumVisualStudioVersion = 10.0.40219.1
Project("{FAE04EC0-301F-11D3-BF4B-00C04F79EFBC}") = "CodeGeneration", "CodeGeneration\CodeGeneration.csproj", "{948CCA36-3CB4-4D41-886B-615C82F5B300}"
EndProject
Project("{9A19103F-16F7-4668-BE54-9A1E7A4F7556}") = "Common", "Common\Common.csproj", "{C4658356-768F-412F-A1C3-F6F0E3E48040}"
EndProject
Project("{9A19103F-16F7-4668-BE54-9A1E7A4F7556}") = "Tests", "Tests\Tests.csproj", "{D4B7377A-2841-408A-AE7D-FE68600F11D6}"
EndProject
Project("{9A19103F-16F7-4668-BE54-9A1E7A4F7556}") = "ManuallyWritenExtensions", "ManuallyWritenExtensions\ManuallyWritenExtensions.csproj", "{6ED3DABE-11F1-4B18-AACA-497616AC7766}"
EndProject
Project("{FAE04EC0-301F-11D3-BF4B-00C04F79EFBC}") = "GenerationTests", "UnitTestProject1\GenerationTests.csproj", "{6591B3D7-918B-47A1-91FF-A77096B569E3}"
EndProject
Global
	GlobalSection(SolutionConfigurationPlatforms) = preSolution
		Debug|Any CPU = Debug|Any CPU
		Release|Any CPU = Release|Any CPU
	EndGlobalSection
	GlobalSection(ProjectConfigurationPlatforms) = postSolution
		{948CCA36-3CB4-4D41-886B-615C82F5B300}.Debug|Any CPU.ActiveCfg = Debug|Any CPU
		{948CCA36-3CB4-4D41-886B-615C82F5B300}.Debug|Any CPU.Build.0 = Debug|Any CPU
		{948CCA36-3CB4-4D41-886B-615C82F5B300}.Release|Any CPU.ActiveCfg = Release|Any CPU
		{948CCA36-3CB4-4D41-886B-615C82F5B300}.Release|Any CPU.Build.0 = Release|Any CPU
		{C4658356-768F-412F-A1C3-F6F0E3E48040}.Debug|Any CPU.ActiveCfg = Debug|Any CPU
		{C4658356-768F-412F-A1C3-F6F0E3E48040}.Debug|Any CPU.Build.0 = Debug|Any CPU
		{C4658356-768F-412F-A1C3-F6F0E3E48040}.Release|Any CPU.ActiveCfg = Release|Any CPU
		{C4658356-768F-412F-A1C3-F6F0E3E48040}.Release|Any CPU.Build.0 = Release|Any CPU
		{D4B7377A-2841-408A-AE7D-FE68600F11D6}.Debug|Any CPU.ActiveCfg = Debug|Any CPU
		{D4B7377A-2841-408A-AE7D-FE68600F11D6}.Debug|Any CPU.Build.0 = Debug|Any CPU
		{D4B7377A-2841-408A-AE7D-FE68600F11D6}.Release|Any CPU.ActiveCfg = Release|Any CPU
		{D4B7377A-2841-408A-AE7D-FE68600F11D6}.Release|Any CPU.Build.0 = Release|Any CPU
		{6ED3DABE-11F1-4B18-AACA-497616AC7766}.Debug|Any CPU.ActiveCfg = Debug|Any CPU
		{6ED3DABE-11F1-4B18-AACA-497616AC7766}.Debug|Any CPU.Build.0 = Debug|Any CPU
		{6ED3DABE-11F1-4B18-AACA-497616AC7766}.Release|Any CPU.ActiveCfg = Release|Any CPU
		{6ED3DABE-11F1-4B18-AACA-497616AC7766}.Release|Any CPU.Build.0 = Release|Any CPU
		{6591B3D7-918B-47A1-91FF-A77096B569E3}.Debug|Any CPU.ActiveCfg = Debug|Any CPU
		{6591B3D7-918B-47A1-91FF-A77096B569E3}.Debug|Any CPU.Build.0 = Debug|Any CPU
		{6591B3D7-918B-47A1-91FF-A77096B569E3}.Release|Any CPU.ActiveCfg = Release|Any CPU
		{6591B3D7-918B-47A1-91FF-A77096B569E3}.Release|Any CPU.Build.0 = Release|Any CPU
	EndGlobalSection
	GlobalSection(SolutionProperties) = preSolution
		HideSolutionNode = FALSE
	EndGlobalSection
	GlobalSection(ExtensibilityGlobals) = postSolution
		SolutionGuid = {7BF09DD3-CF86-42C4-9889-E0FE1833F44A}
	EndGlobalSection
EndGlobal
